
Microsoft Visual Studio Solution File, Format Version 12.00
# Visual Studio Version 17
VisualStudioVersion = 17.13.35825.156 d17.13
MinimumVisualStudioVersion = 10.0.40219.1
Project("{54A90642-561A-4BB1-A94E-469ADEE60C69}") = "employeemanagementgrapghqlreact.client", "employeemanagementgrapghqlreact.client\employeemanagementgrapghqlreact.client.esproj", "{9CFF2603-7DFE-100B-1FE4-FE3FAB68C3EA}"
EndProject
Project("{FAE04EC0-301F-11D3-BF4B-00C04F79EFBC}") = "EmployeeManagementGrapghQLReact.Server", "EmployeeManagementGrapghQLReact.Server\EmployeeManagementGrapghQLReact.Server.csproj", "{350D7D62-7CE8-4E09-AF5B-AF6315BD2545}"
EndProject
Global
	GlobalSection(SolutionConfigurationPlatforms) = preSolution
		Debug|Any CPU = Debug|Any CPU
		Release|Any CPU = Release|Any CPU
	EndGlobalSection
	GlobalSection(ProjectConfigurationPlatforms) = postSolution
		{9CFF2603-7DFE-100B-1FE4-FE3FAB68C3EA}.Debug|Any CPU.ActiveCfg = Debug|Any CPU
		{9CFF2603-7DFE-100B-1FE4-FE3FAB68C3EA}.Debug|Any CPU.Build.0 = Debug|Any CPU
		{9CFF2603-7DFE-100B-1FE4-FE3FAB68C3EA}.Debug|Any CPU.Deploy.0 = Debug|Any CPU
		{9CFF2603-7DFE-100B-1FE4-FE3FAB68C3EA}.Release|Any CPU.ActiveCfg = Release|Any CPU
		{9CFF2603-7DFE-100B-1FE4-FE3FAB68C3EA}.Release|Any CPU.Build.0 = Release|Any CPU
		{9CFF2603-7DFE-100B-1FE4-FE3FAB68C3EA}.Release|Any CPU.Deploy.0 = Release|Any CPU
		{350D7D62-7CE8-4E09-AF5B-AF6315BD2545}.Debug|Any CPU.ActiveCfg = Debug|Any CPU
		{350D7D62-7CE8-4E09-AF5B-AF6315BD2545}.Debug|Any CPU.Build.0 = Debug|Any CPU
		{350D7D62-7CE8-4E09-AF5B-AF6315BD2545}.Release|Any CPU.ActiveCfg = Release|Any CPU
		{350D7D62-7CE8-4E09-AF5B-AF6315BD2545}.Release|Any CPU.Build.0 = Release|Any CPU
	EndGlobalSection
	GlobalSection(SolutionProperties) = preSolution
		HideSolutionNode = FALSE
	EndGlobalSection
	GlobalSection(ExtensibilityGlobals) = postSolution
		SolutionGuid = {F626BC54-264B-45B7-A70D-C308FA1B6B78}
	EndGlobalSection
EndGlobal
